
Microsoft Visual Studio Solution File, Format Version 12.00
# Visual Studio Version 17
VisualStudioVersion = 17.8.34330.188
MinimumVisualStudioVersion = 10.0.40219.1
Project("{FAE04EC0-301F-11D3-BF4B-00C04F79EFBC}") = "ClassProject", "ClassProject\ClassProject.csproj", "{FA6A0B8D-E1A9-4492-A35E-51F857E127BB}"
EndProject
Global
	GlobalSection(SolutionConfigurationPlatforms) = preSolution
		Debug|Any CPU = Debug|Any CPU
		Release|Any CPU = Release|Any CPU
	EndGlobalSection
	GlobalSection(ProjectConfigurationPlatforms) = postSolution
		{FA6A0B8D-E1A9-4492-A35E-51F857E127BB}.Debug|Any CPU.ActiveCfg = Debug|Any CPU
		{FA6A0B8D-E1A9-4492-A35E-51F857E127BB}.Debug|Any CPU.Build.0 = Debug|Any CPU
		{FA6A0B8D-E1A9-4492-A35E-51F857E127BB}.Release|Any CPU.ActiveCfg = Release|Any CPU
		{FA6A0B8D-E1A9-4492-A35E-51F857E127BB}.Release|Any CPU.Build.0 = Release|Any CPU
	EndGlobalSection
	GlobalSection(SolutionProperties) = preSolution
		HideSolutionNode = FALSE
	EndGlobalSection
	GlobalSection(ExtensibilityGlobals) = postSolution
		SolutionGuid = {F5795BD4-32B1-4A69-841D-59702223C892}
	EndGlobalSection
EndGlobal
